// !$*UTF8*$!
{
	archiveVersion = 1;
	classes = {
	};
	objectVersion = 51;
	objects = {

/* Begin PBXBuildFile section */
		19C9ED4DF29F85ECF2819255 /* Pods_MakeFoodie.framework in Frameworks */ = {isa = PBXBuildFile; fileRef = 8151CC4A9D32F30B842A8C6C /* Pods_MakeFoodie.framework */; };
		2583F3B924B8D230008AD820 /* EditProfileViewController.swift in Sources */ = {isa = PBXBuildFile; fileRef = 2583F3B824B8D230008AD820 /* EditProfileViewController.swift */; };
		25D10E8E24B705F1000F6DE5 /* DateTextField.swift in Sources */ = {isa = PBXBuildFile; fileRef = 25D10E8D24B705F1000F6DE5 /* DateTextField.swift */; };
		472229DF246BC13100E13C81 /* AppDelegate.swift in Sources */ = {isa = PBXBuildFile; fileRef = 472229DE246BC13100E13C81 /* AppDelegate.swift */; };
		472229E1246BC13100E13C81 /* SceneDelegate.swift in Sources */ = {isa = PBXBuildFile; fileRef = 472229E0246BC13100E13C81 /* SceneDelegate.swift */; };
		472229E3246BC13100E13C81 /* ViewController.swift in Sources */ = {isa = PBXBuildFile; fileRef = 472229E2246BC13100E13C81 /* ViewController.swift */; };
		472229E6246BC13100E13C81 /* Main.storyboard in Resources */ = {isa = PBXBuildFile; fileRef = 472229E4246BC13100E13C81 /* Main.storyboard */; };
		472229E8246BC13400E13C81 /* Assets.xcassets in Resources */ = {isa = PBXBuildFile; fileRef = 472229E7246BC13400E13C81 /* Assets.xcassets */; };
		472229EB246BC13400E13C81 /* LaunchScreen.storyboard in Resources */ = {isa = PBXBuildFile; fileRef = 472229E9246BC13400E13C81 /* LaunchScreen.storyboard */; };
		472229F6246BC13400E13C81 /* MakeFoodieTests.swift in Sources */ = {isa = PBXBuildFile; fileRef = 472229F5246BC13400E13C81 /* MakeFoodieTests.swift */; };
		47222A01246BC13400E13C81 /* MakeFoodieUITests.swift in Sources */ = {isa = PBXBuildFile; fileRef = 47222A00246BC13400E13C81 /* MakeFoodieUITests.swift */; };
		653AAA692484F3B7008FAC14 /* Posts.storyboard in Resources */ = {isa = PBXBuildFile; fileRef = 653AAA682484F3B7008FAC14 /* Posts.storyboard */; };
		653AAA6B2484F412008FAC14 /* ViewPost.storyboard in Resources */ = {isa = PBXBuildFile; fileRef = 653AAA6A2484F412008FAC14 /* ViewPost.storyboard */; };
		653AAA6D2484F46B008FAC14 /* Categories.storyboard in Resources */ = {isa = PBXBuildFile; fileRef = 653AAA6C2484F46B008FAC14 /* Categories.storyboard */; };
		775BF65924B4B9C100845E93 /* Post.swift in Sources */ = {isa = PBXBuildFile; fileRef = 775BF65824B4B9C100845E93 /* Post.swift */; };
		775BF65B24B4BF5500845E93 /* CategoriesTableViewController.swift in Sources */ = {isa = PBXBuildFile; fileRef = 775BF65A24B4BF5500845E93 /* CategoriesTableViewController.swift */; };
		775BF65D24B4C00D00845E93 /* CategoryCell.swift in Sources */ = {isa = PBXBuildFile; fileRef = 775BF65C24B4C00D00845E93 /* CategoryCell.swift */; };
		775BF65F24B4C7DF00845E93 /* ViewCategoryCell.swift in Sources */ = {isa = PBXBuildFile; fileRef = 775BF65E24B4C7DF00845E93 /* ViewCategoryCell.swift */; };
		775BF66124B4C7F100845E93 /* ViewCategoryTableViewController.swift in Sources */ = {isa = PBXBuildFile; fileRef = 775BF66024B4C7F100845E93 /* ViewCategoryTableViewController.swift */; };
		775BF66324B4C8F600845E93 /* ViewPostViewController.swift in Sources */ = {isa = PBXBuildFile; fileRef = 775BF66224B4C8F600845E93 /* ViewPostViewController.swift */; };
		775BF66524B4C93000845E93 /* EditPostViewController.swift in Sources */ = {isa = PBXBuildFile; fileRef = 775BF66424B4C93000845E93 /* EditPostViewController.swift */; };
		7761BA1724B0F35A003CDDF3 /* CreatePostViewController.swift in Sources */ = {isa = PBXBuildFile; fileRef = 7761BA1624B0F35A003CDDF3 /* CreatePostViewController.swift */; };
		7761BA2324B10540003CDDF3 /* PostCell.swift in Sources */ = {isa = PBXBuildFile; fileRef = 7761BA2224B10540003CDDF3 /* PostCell.swift */; };
		7761BA2724B108FA003CDDF3 /* PostsTableViewController.swift in Sources */ = {isa = PBXBuildFile; fileRef = 7761BA2624B108FA003CDDF3 /* PostsTableViewController.swift */; };
		78A8FAAD3D0431FC0CC52DD3 /* Pods_MakeFoodieTests.framework in Frameworks */ = {isa = PBXBuildFile; fileRef = A0D9AB852046ADA495D49303 /* Pods_MakeFoodieTests.framework */; };
		7D00FE16248E26240018BD08 /* Recipe.storyboard in Resources */ = {isa = PBXBuildFile; fileRef = 7D00FE15248E26240018BD08 /* Recipe.storyboard */; };
		7D34C5FD24B9C690008858C6 /* RecipeDetailViewController.swift in Sources */ = {isa = PBXBuildFile; fileRef = 7D34C5FC24B9C690008858C6 /* RecipeDetailViewController.swift */; };
		7D8E836224B84C7700F560F2 /* RecipesTableViewController.swift in Sources */ = {isa = PBXBuildFile; fileRef = 7D8E836124B84C7700F560F2 /* RecipesTableViewController.swift */; };
		7D8E836624B8500100F560F2 /* RecipeTableViewCell.swift in Sources */ = {isa = PBXBuildFile; fileRef = 7D8E836524B8500100F560F2 /* RecipeTableViewCell.swift */; };
		7DC108BE24BA100E00C553AA /* EditRecipeViewController.swift in Sources */ = {isa = PBXBuildFile; fileRef = 7DC108BD24BA100E00C553AA /* EditRecipeViewController.swift */; };
		7DF5EF6024C68CB1001B5B5A /* RatingControl.swift in Sources */ = {isa = PBXBuildFile; fileRef = 7DF5EF5F24C68CB1001B5B5A /* RatingControl.swift */; };
		CA38AEA75CC022710C945B86 /* Pods_MakeFoodie_MakeFoodieUITests.framework in Frameworks */ = {isa = PBXBuildFile; fileRef = 2AB9FDAF0D3AFF49BABD7D32 /* Pods_MakeFoodie_MakeFoodieUITests.framework */; };
		D42FB78B24BC4BB200F586C2 /* ForgetpwViewController.swift in Sources */ = {isa = PBXBuildFile; fileRef = D42FB78A24BC4BB200F586C2 /* ForgetpwViewController.swift */; };
		D42FB78D24BC4C2200F586C2 /* OrderReqViewController.swift in Sources */ = {isa = PBXBuildFile; fileRef = D42FB78C24BC4C2200F586C2 /* OrderReqViewController.swift */; };
		D46E21DE24B56ADA00F752CF /* Recipe.swift in Sources */ = {isa = PBXBuildFile; fileRef = D46E21DD24B56ADA00F752CF /* Recipe.swift */; };
		D46E21EA24B5858E00F752CF /* CreateRecipeViewController.swift in Sources */ = {isa = PBXBuildFile; fileRef = D46E21E924B5858E00F752CF /* CreateRecipeViewController.swift */; };
		D4A4AD8B24BE90F10011F00B /* addReviewViewController.swift in Sources */ = {isa = PBXBuildFile; fileRef = D4A4AD8A24BE90F10011F00B /* addReviewViewController.swift */; };
		D4A50F9024AC3121009B0349 /* User.swift in Sources */ = {isa = PBXBuildFile; fileRef = D4A50F8F24AC3121009B0349 /* User.swift */; };
		D4A50F9424AC33AE009B0349 /* LoginViewController.swift in Sources */ = {isa = PBXBuildFile; fileRef = D4A50F9324AC33AE009B0349 /* LoginViewController.swift */; };
		D4A50F9624AC3485009B0349 /* SignupViewController.swift in Sources */ = {isa = PBXBuildFile; fileRef = D4A50F9524AC3485009B0349 /* SignupViewController.swift */; };
		D4E0721B24B57CF50035F967 /* ProfileViewController.swift in Sources */ = {isa = PBXBuildFile; fileRef = D4E0721A24B57CF50035F967 /* ProfileViewController.swift */; };
		D4E0721D24B57D3D0035F967 /* OrdersViewController.swift in Sources */ = {isa = PBXBuildFile; fileRef = D4E0721C24B57D3D0035F967 /* OrdersViewController.swift */; };
		F40B9CAA24B9824100B03A12 /* FollowingViewController.swift in Sources */ = {isa = PBXBuildFile; fileRef = F40B9CA924B9824100B03A12 /* FollowingViewController.swift */; };
		F40B9CAC24B9831600B03A12 /* Follow.swift in Sources */ = {isa = PBXBuildFile; fileRef = F40B9CAB24B9831600B03A12 /* Follow.swift */; };
		F40B9CAE24B986EB00B03A12 /* FollowCell.swift in Sources */ = {isa = PBXBuildFile; fileRef = F40B9CAD24B986EB00B03A12 /* FollowCell.swift */; };
		F445804A2490C08800F1CAA6 /* ItemCell.swift in Sources */ = {isa = PBXBuildFile; fileRef = F44580492490C08800F1CAA6 /* ItemCell.swift */; };
		F445804C2490C0B200F1CAA6 /* RecommendedViewController.swift in Sources */ = {isa = PBXBuildFile; fileRef = F445804B2490C0B200F1CAA6 /* RecommendedViewController.swift */; };
		F445804E2490C0D000F1CAA6 /* Item.swift in Sources */ = {isa = PBXBuildFile; fileRef = F445804D2490C0D000F1CAA6 /* Item.swift */; };
		F44A4F522484D6AE00D25E49 /* Login.storyboard in Resources */ = {isa = PBXBuildFile; fileRef = F44A4F512484D6AE00D25E49 /* Login.storyboard */; };
		F44A4F562484D74700D25E49 /* Profile.storyboard in Resources */ = {isa = PBXBuildFile; fileRef = F44A4F552484D74700D25E49 /* Profile.storyboard */; };
		F44A4F582484D75500D25E49 /* Following.storyboard in Resources */ = {isa = PBXBuildFile; fileRef = F44A4F572484D75500D25E49 /* Following.storyboard */; };
		F44A4F5A2484D76500D25E49 /* Messages.storyboard in Resources */ = {isa = PBXBuildFile; fileRef = F44A4F592484D76500D25E49 /* Messages.storyboard */; };
		F44A4F5C2484D77B00D25E49 /* Orders.storyboard in Resources */ = {isa = PBXBuildFile; fileRef = F44A4F5B2484D77B00D25E49 /* Orders.storyboard */; };
		F44A4F5E2484D7A400D25E49 /* OrderRequest.storyboard in Resources */ = {isa = PBXBuildFile; fileRef = F44A4F5D2484D7A400D25E49 /* OrderRequest.storyboard */; };
		F44A4F602484D7F200D25E49 /* Recommended.storyboard in Resources */ = {isa = PBXBuildFile; fileRef = F44A4F5F2484D7F200D25E49 /* Recommended.storyboard */; };
		F45A3BBA24B61F1900178E08 /* GoogleService-Info.plist in Resources */ = {isa = PBXBuildFile; fileRef = F45A3BB924B61F1900178E08 /* GoogleService-Info.plist */; };
		F476E29424B4B9570036858B /* DataManager.swift in Sources */ = {isa = PBXBuildFile; fileRef = F476E29324B4B9570036858B /* DataManager.swift */; };
/* End PBXBuildFile section */

/* Begin PBXContainerItemProxy section */
		472229F2246BC13400E13C81 /* PBXContainerItemProxy */ = {
			isa = PBXContainerItemProxy;
			containerPortal = 472229D3246BC13100E13C81 /* Project object */;
			proxyType = 1;
			remoteGlobalIDString = 472229DA246BC13100E13C81;
			remoteInfo = MakeFoodie;
		};
		472229FD246BC13400E13C81 /* PBXContainerItemProxy */ = {
			isa = PBXContainerItemProxy;
			containerPortal = 472229D3246BC13100E13C81 /* Project object */;
			proxyType = 1;
			remoteGlobalIDString = 472229DA246BC13100E13C81;
			remoteInfo = MakeFoodie;
		};
/* End PBXContainerItemProxy section */

/* Begin PBXFileReference section */
		2583F3B824B8D230008AD820 /* EditProfileViewController.swift */ = {isa = PBXFileReference; lastKnownFileType = sourcecode.swift; path = EditProfileViewController.swift; sourceTree = "<group>"; };
		25D10E8D24B705F1000F6DE5 /* DateTextField.swift */ = {isa = PBXFileReference; lastKnownFileType = sourcecode.swift; path = DateTextField.swift; sourceTree = "<group>"; };
		2AB9FDAF0D3AFF49BABD7D32 /* Pods_MakeFoodie_MakeFoodieUITests.framework */ = {isa = PBXFileReference; explicitFileType = wrapper.framework; includeInIndex = 0; path = Pods_MakeFoodie_MakeFoodieUITests.framework; sourceTree = BUILT_PRODUCTS_DIR; };
		3FE8F8F411FBC29084B6451D /* Pods-MakeFoodie.release.xcconfig */ = {isa = PBXFileReference; includeInIndex = 1; lastKnownFileType = text.xcconfig; name = "Pods-MakeFoodie.release.xcconfig"; path = "Target Support Files/Pods-MakeFoodie/Pods-MakeFoodie.release.xcconfig"; sourceTree = "<group>"; };
		472229DB246BC13100E13C81 /* MakeFoodie.app */ = {isa = PBXFileReference; explicitFileType = wrapper.application; includeInIndex = 0; path = MakeFoodie.app; sourceTree = BUILT_PRODUCTS_DIR; };
		472229DE246BC13100E13C81 /* AppDelegate.swift */ = {isa = PBXFileReference; lastKnownFileType = sourcecode.swift; path = AppDelegate.swift; sourceTree = "<group>"; };
		472229E0246BC13100E13C81 /* SceneDelegate.swift */ = {isa = PBXFileReference; lastKnownFileType = sourcecode.swift; path = SceneDelegate.swift; sourceTree = "<group>"; };
		472229E2246BC13100E13C81 /* ViewController.swift */ = {isa = PBXFileReference; lastKnownFileType = sourcecode.swift; path = ViewController.swift; sourceTree = "<group>"; };
		472229E5246BC13100E13C81 /* Base */ = {isa = PBXFileReference; lastKnownFileType = file.storyboard; name = Base; path = Base.lproj/Main.storyboard; sourceTree = "<group>"; };
		472229E7246BC13400E13C81 /* Assets.xcassets */ = {isa = PBXFileReference; lastKnownFileType = folder.assetcatalog; path = Assets.xcassets; sourceTree = "<group>"; };
		472229EA246BC13400E13C81 /* Base */ = {isa = PBXFileReference; lastKnownFileType = file.storyboard; name = Base; path = Base.lproj/LaunchScreen.storyboard; sourceTree = "<group>"; };
		472229EC246BC13400E13C81 /* Info.plist */ = {isa = PBXFileReference; lastKnownFileType = text.plist.xml; path = Info.plist; sourceTree = "<group>"; };
		472229F1246BC13400E13C81 /* MakeFoodieTests.xctest */ = {isa = PBXFileReference; explicitFileType = wrapper.cfbundle; includeInIndex = 0; path = MakeFoodieTests.xctest; sourceTree = BUILT_PRODUCTS_DIR; };
		472229F5246BC13400E13C81 /* MakeFoodieTests.swift */ = {isa = PBXFileReference; lastKnownFileType = sourcecode.swift; path = MakeFoodieTests.swift; sourceTree = "<group>"; };
		472229F7246BC13400E13C81 /* Info.plist */ = {isa = PBXFileReference; lastKnownFileType = text.plist.xml; path = Info.plist; sourceTree = "<group>"; };
		472229FC246BC13400E13C81 /* MakeFoodieUITests.xctest */ = {isa = PBXFileReference; explicitFileType = wrapper.cfbundle; includeInIndex = 0; path = MakeFoodieUITests.xctest; sourceTree = BUILT_PRODUCTS_DIR; };
		47222A00246BC13400E13C81 /* MakeFoodieUITests.swift */ = {isa = PBXFileReference; lastKnownFileType = sourcecode.swift; path = MakeFoodieUITests.swift; sourceTree = "<group>"; };
		47222A02246BC13400E13C81 /* Info.plist */ = {isa = PBXFileReference; lastKnownFileType = text.plist.xml; path = Info.plist; sourceTree = "<group>"; };
		51FAD748F0DFAFA5CC51C312 /* Pods-MakeFoodie-MakeFoodieUITests.release.xcconfig */ = {isa = PBXFileReference; includeInIndex = 1; lastKnownFileType = text.xcconfig; name = "Pods-MakeFoodie-MakeFoodieUITests.release.xcconfig"; path = "Target Support Files/Pods-MakeFoodie-MakeFoodieUITests/Pods-MakeFoodie-MakeFoodieUITests.release.xcconfig"; sourceTree = "<group>"; };
		653AAA682484F3B7008FAC14 /* Posts.storyboard */ = {isa = PBXFileReference; lastKnownFileType = file.storyboard; path = Posts.storyboard; sourceTree = "<group>"; };
		653AAA6A2484F412008FAC14 /* ViewPost.storyboard */ = {isa = PBXFileReference; lastKnownFileType = file.storyboard; path = ViewPost.storyboard; sourceTree = "<group>"; };
		653AAA6C2484F46B008FAC14 /* Categories.storyboard */ = {isa = PBXFileReference; lastKnownFileType = file.storyboard; path = Categories.storyboard; sourceTree = "<group>"; };
		775BF65824B4B9C100845E93 /* Post.swift */ = {isa = PBXFileReference; lastKnownFileType = sourcecode.swift; path = Post.swift; sourceTree = "<group>"; };
		775BF65A24B4BF5500845E93 /* CategoriesTableViewController.swift */ = {isa = PBXFileReference; lastKnownFileType = sourcecode.swift; path = CategoriesTableViewController.swift; sourceTree = "<group>"; };
		775BF65C24B4C00D00845E93 /* CategoryCell.swift */ = {isa = PBXFileReference; lastKnownFileType = sourcecode.swift; path = CategoryCell.swift; sourceTree = "<group>"; };
		775BF65E24B4C7DF00845E93 /* ViewCategoryCell.swift */ = {isa = PBXFileReference; lastKnownFileType = sourcecode.swift; path = ViewCategoryCell.swift; sourceTree = "<group>"; };
		775BF66024B4C7F100845E93 /* ViewCategoryTableViewController.swift */ = {isa = PBXFileReference; lastKnownFileType = sourcecode.swift; path = ViewCategoryTableViewController.swift; sourceTree = "<group>"; };
		775BF66224B4C8F600845E93 /* ViewPostViewController.swift */ = {isa = PBXFileReference; lastKnownFileType = sourcecode.swift; path = ViewPostViewController.swift; sourceTree = "<group>"; };
		775BF66424B4C93000845E93 /* EditPostViewController.swift */ = {isa = PBXFileReference; lastKnownFileType = sourcecode.swift; path = EditPostViewController.swift; sourceTree = "<group>"; };
		7761BA1624B0F35A003CDDF3 /* CreatePostViewController.swift */ = {isa = PBXFileReference; lastKnownFileType = sourcecode.swift; path = CreatePostViewController.swift; sourceTree = "<group>"; };
		7761BA2224B10540003CDDF3 /* PostCell.swift */ = {isa = PBXFileReference; lastKnownFileType = sourcecode.swift; path = PostCell.swift; sourceTree = "<group>"; };
		7761BA2624B108FA003CDDF3 /* PostsTableViewController.swift */ = {isa = PBXFileReference; lastKnownFileType = sourcecode.swift; path = PostsTableViewController.swift; sourceTree = "<group>"; };
		7D00FE15248E26240018BD08 /* Recipe.storyboard */ = {isa = PBXFileReference; lastKnownFileType = file.storyboard; path = Recipe.storyboard; sourceTree = "<group>"; };
		7D34C5FC24B9C690008858C6 /* RecipeDetailViewController.swift */ = {isa = PBXFileReference; lastKnownFileType = sourcecode.swift; path = RecipeDetailViewController.swift; sourceTree = "<group>"; };
		7D8E836124B84C7700F560F2 /* RecipesTableViewController.swift */ = {isa = PBXFileReference; lastKnownFileType = sourcecode.swift; path = RecipesTableViewController.swift; sourceTree = "<group>"; };
		7D8E836524B8500100F560F2 /* RecipeTableViewCell.swift */ = {isa = PBXFileReference; lastKnownFileType = sourcecode.swift; path = RecipeTableViewCell.swift; sourceTree = "<group>"; };
		7DC108BD24BA100E00C553AA /* EditRecipeViewController.swift */ = {isa = PBXFileReference; lastKnownFileType = sourcecode.swift; path = EditRecipeViewController.swift; sourceTree = "<group>"; };
		7DF5EF5F24C68CB1001B5B5A /* RatingControl.swift */ = {isa = PBXFileReference; lastKnownFileType = sourcecode.swift; path = RatingControl.swift; sourceTree = "<group>"; };
		814E339EB185CAB3AEF34260 /* Pods-MakeFoodieTests.debug.xcconfig */ = {isa = PBXFileReference; includeInIndex = 1; lastKnownFileType = text.xcconfig; name = "Pods-MakeFoodieTests.debug.xcconfig"; path = "Target Support Files/Pods-MakeFoodieTests/Pods-MakeFoodieTests.debug.xcconfig"; sourceTree = "<group>"; };
		8151CC4A9D32F30B842A8C6C /* Pods_MakeFoodie.framework */ = {isa = PBXFileReference; explicitFileType = wrapper.framework; includeInIndex = 0; path = Pods_MakeFoodie.framework; sourceTree = BUILT_PRODUCTS_DIR; };
		83DB079EB02E24FF513E485F /* Pods-MakeFoodie-MakeFoodieUITests.debug.xcconfig */ = {isa = PBXFileReference; includeInIndex = 1; lastKnownFileType = text.xcconfig; name = "Pods-MakeFoodie-MakeFoodieUITests.debug.xcconfig"; path = "Target Support Files/Pods-MakeFoodie-MakeFoodieUITests/Pods-MakeFoodie-MakeFoodieUITests.debug.xcconfig"; sourceTree = "<group>"; };
		A0D9AB852046ADA495D49303 /* Pods_MakeFoodieTests.framework */ = {isa = PBXFileReference; explicitFileType = wrapper.framework; includeInIndex = 0; path = Pods_MakeFoodieTests.framework; sourceTree = BUILT_PRODUCTS_DIR; };
		A3EF67D4F2CB8E5EA941FA70 /* Pods-MakeFoodie.debug.xcconfig */ = {isa = PBXFileReference; includeInIndex = 1; lastKnownFileType = text.xcconfig; name = "Pods-MakeFoodie.debug.xcconfig"; path = "Target Support Files/Pods-MakeFoodie/Pods-MakeFoodie.debug.xcconfig"; sourceTree = "<group>"; };
		D42FB78A24BC4BB200F586C2 /* ForgetpwViewController.swift */ = {isa = PBXFileReference; fileEncoding = 4; lastKnownFileType = sourcecode.swift; path = ForgetpwViewController.swift; sourceTree = "<group>"; };
		D42FB78C24BC4C2200F586C2 /* OrderReqViewController.swift */ = {isa = PBXFileReference; fileEncoding = 4; lastKnownFileType = sourcecode.swift; path = OrderReqViewController.swift; sourceTree = "<group>"; };
		D46E21DD24B56ADA00F752CF /* Recipe.swift */ = {isa = PBXFileReference; lastKnownFileType = sourcecode.swift; path = Recipe.swift; sourceTree = "<group>"; };
		D46E21E924B5858E00F752CF /* CreateRecipeViewController.swift */ = {isa = PBXFileReference; lastKnownFileType = sourcecode.swift; path = CreateRecipeViewController.swift; sourceTree = "<group>"; };
		D4A4AD8A24BE90F10011F00B /* addReviewViewController.swift */ = {isa = PBXFileReference; lastKnownFileType = sourcecode.swift; path = addReviewViewController.swift; sourceTree = "<group>"; };
		D4A50F8F24AC3121009B0349 /* User.swift */ = {isa = PBXFileReference; lastKnownFileType = sourcecode.swift; path = User.swift; sourceTree = "<group>"; };
		D4A50F9324AC33AE009B0349 /* LoginViewController.swift */ = {isa = PBXFileReference; lastKnownFileType = sourcecode.swift; path = LoginViewController.swift; sourceTree = "<group>"; };
		D4A50F9524AC3485009B0349 /* SignupViewController.swift */ = {isa = PBXFileReference; lastKnownFileType = sourcecode.swift; path = SignupViewController.swift; sourceTree = "<group>"; };
		D4E0721A24B57CF50035F967 /* ProfileViewController.swift */ = {isa = PBXFileReference; lastKnownFileType = sourcecode.swift; path = ProfileViewController.swift; sourceTree = "<group>"; };
		D4E0721C24B57D3D0035F967 /* OrdersViewController.swift */ = {isa = PBXFileReference; lastKnownFileType = sourcecode.swift; path = OrdersViewController.swift; sourceTree = "<group>"; };
		D8A80922B46711C821A3413A /* Pods-MakeFoodieTests.release.xcconfig */ = {isa = PBXFileReference; includeInIndex = 1; lastKnownFileType = text.xcconfig; name = "Pods-MakeFoodieTests.release.xcconfig"; path = "Target Support Files/Pods-MakeFoodieTests/Pods-MakeFoodieTests.release.xcconfig"; sourceTree = "<group>"; };
		F40B9CA924B9824100B03A12 /* FollowingViewController.swift */ = {isa = PBXFileReference; lastKnownFileType = sourcecode.swift; path = FollowingViewController.swift; sourceTree = "<group>"; };
		F40B9CAB24B9831600B03A12 /* Follow.swift */ = {isa = PBXFileReference; lastKnownFileType = sourcecode.swift; path = Follow.swift; sourceTree = "<group>"; };
		F40B9CAD24B986EB00B03A12 /* FollowCell.swift */ = {isa = PBXFileReference; lastKnownFileType = sourcecode.swift; path = FollowCell.swift; sourceTree = "<group>"; };
		F44580492490C08800F1CAA6 /* ItemCell.swift */ = {isa = PBXFileReference; lastKnownFileType = sourcecode.swift; path = ItemCell.swift; sourceTree = "<group>"; };
		F445804B2490C0B200F1CAA6 /* RecommendedViewController.swift */ = {isa = PBXFileReference; lastKnownFileType = sourcecode.swift; path = RecommendedViewController.swift; sourceTree = "<group>"; };
		F445804D2490C0D000F1CAA6 /* Item.swift */ = {isa = PBXFileReference; lastKnownFileType = sourcecode.swift; path = Item.swift; sourceTree = "<group>"; };
		F44A4F512484D6AE00D25E49 /* Login.storyboard */ = {isa = PBXFileReference; lastKnownFileType = file.storyboard; path = Login.storyboard; sourceTree = "<group>"; };
		F44A4F552484D74700D25E49 /* Profile.storyboard */ = {isa = PBXFileReference; lastKnownFileType = file.storyboard; path = Profile.storyboard; sourceTree = "<group>"; };
		F44A4F572484D75500D25E49 /* Following.storyboard */ = {isa = PBXFileReference; lastKnownFileType = file.storyboard; path = Following.storyboard; sourceTree = "<group>"; };
		F44A4F592484D76500D25E49 /* Messages.storyboard */ = {isa = PBXFileReference; lastKnownFileType = file.storyboard; path = Messages.storyboard; sourceTree = "<group>"; };
		F44A4F5B2484D77B00D25E49 /* Orders.storyboard */ = {isa = PBXFileReference; lastKnownFileType = file.storyboard; path = Orders.storyboard; sourceTree = "<group>"; };
		F44A4F5D2484D7A400D25E49 /* OrderRequest.storyboard */ = {isa = PBXFileReference; lastKnownFileType = file.storyboard; path = OrderRequest.storyboard; sourceTree = "<group>"; };
		F44A4F5F2484D7F200D25E49 /* Recommended.storyboard */ = {isa = PBXFileReference; lastKnownFileType = file.storyboard; path = Recommended.storyboard; sourceTree = "<group>"; };
		F45A3BB924B61F1900178E08 /* GoogleService-Info.plist */ = {isa = PBXFileReference; fileEncoding = 4; lastKnownFileType = text.plist.xml; path = "GoogleService-Info.plist"; sourceTree = "<group>"; };
		F476E28724B4B8510036858B /* libsqlite3.tbd */ = {isa = PBXFileReference; lastKnownFileType = "sourcecode.text-based-dylib-definition"; name = libsqlite3.tbd; path = usr/lib/libsqlite3.tbd; sourceTree = SDKROOT; };
		F476E29324B4B9570036858B /* DataManager.swift */ = {isa = PBXFileReference; lastKnownFileType = sourcecode.swift; path = DataManager.swift; sourceTree = "<group>"; };
/* End PBXFileReference section */

/* Begin PBXFrameworksBuildPhase section */
		472229D8246BC13100E13C81 /* Frameworks */ = {
			isa = PBXFrameworksBuildPhase;
			buildActionMask = 2147483647;
			files = (
				19C9ED4DF29F85ECF2819255 /* Pods_MakeFoodie.framework in Frameworks */,
			);
			runOnlyForDeploymentPostprocessing = 0;
		};
		472229EE246BC13400E13C81 /* Frameworks */ = {
			isa = PBXFrameworksBuildPhase;
			buildActionMask = 2147483647;
			files = (
				78A8FAAD3D0431FC0CC52DD3 /* Pods_MakeFoodieTests.framework in Frameworks */,
			);
			runOnlyForDeploymentPostprocessing = 0;
		};
		472229F9246BC13400E13C81 /* Frameworks */ = {
			isa = PBXFrameworksBuildPhase;
			buildActionMask = 2147483647;
			files = (
				CA38AEA75CC022710C945B86 /* Pods_MakeFoodie_MakeFoodieUITests.framework in Frameworks */,
			);
			runOnlyForDeploymentPostprocessing = 0;
		};
/* End PBXFrameworksBuildPhase section */

/* Begin PBXGroup section */
		472229D2246BC13100E13C81 = {
			isa = PBXGroup;
			children = (
				472229DD246BC13100E13C81 /* MakeFoodie */,
				472229F4246BC13400E13C81 /* MakeFoodieTests */,
				472229DC246BC13100E13C81 /* Products */,
				F476E28624B4B8510036858B /* Frameworks */,
				4F2E7DFFD1BB8DB79DA4389B /* Pods */,
			);
			sourceTree = "<group>";
		};
		472229DC246BC13100E13C81 /* Products */ = {
			isa = PBXGroup;
			children = (
				472229DB246BC13100E13C81 /* MakeFoodie.app */,
				472229F1246BC13400E13C81 /* MakeFoodieTests.xctest */,
				472229FC246BC13400E13C81 /* MakeFoodieUITests.xctest */,
			);
			name = Products;
			sourceTree = "<group>";
		};
		472229DD246BC13100E13C81 /* MakeFoodie */ = {
			isa = PBXGroup;
			children = (
				F445803C2490BE3E00F1CAA6 /* Views */,
				F445803B2490BE0400F1CAA6 /* Resources */,
				F445803A2490BDC200F1CAA6 /* Startup */,
				F44580392490BCBE00F1CAA6 /* Supporting Files */,
			);
			path = MakeFoodie;
			sourceTree = "<group>";
		};
		472229F4246BC13400E13C81 /* MakeFoodieTests */ = {
			isa = PBXGroup;
			children = (
				472229F5246BC13400E13C81 /* MakeFoodieTests.swift */,
				472229F7246BC13400E13C81 /* Info.plist */,
			);
			path = MakeFoodieTests;
			sourceTree = "<group>";
		};
		472229FF246BC13400E13C81 /* MakeFoodieUITests */ = {
			isa = PBXGroup;
			children = (
				47222A00246BC13400E13C81 /* MakeFoodieUITests.swift */,
				47222A02246BC13400E13C81 /* Info.plist */,
			);
			path = MakeFoodieUITests;
			sourceTree = "<group>";
		};
		4F2E7DFFD1BB8DB79DA4389B /* Pods */ = {
			isa = PBXGroup;
			children = (
				A3EF67D4F2CB8E5EA941FA70 /* Pods-MakeFoodie.debug.xcconfig */,
				3FE8F8F411FBC29084B6451D /* Pods-MakeFoodie.release.xcconfig */,
				83DB079EB02E24FF513E485F /* Pods-MakeFoodie-MakeFoodieUITests.debug.xcconfig */,
				51FAD748F0DFAFA5CC51C312 /* Pods-MakeFoodie-MakeFoodieUITests.release.xcconfig */,
				814E339EB185CAB3AEF34260 /* Pods-MakeFoodieTests.debug.xcconfig */,
				D8A80922B46711C821A3413A /* Pods-MakeFoodieTests.release.xcconfig */,
			);
			path = Pods;
			sourceTree = "<group>";
		};
		F44580392490BCBE00F1CAA6 /* Supporting Files */ = {
			isa = PBXGroup;
			children = (
				F45A3BB924B61F1900178E08 /* GoogleService-Info.plist */,
				472229E9246BC13400E13C81 /* LaunchScreen.storyboard */,
				472229EC246BC13400E13C81 /* Info.plist */,
			);
			path = "Supporting Files";
			sourceTree = "<group>";
		};
		F445803A2490BDC200F1CAA6 /* Startup */ = {
			isa = PBXGroup;
			children = (
				472229E0246BC13100E13C81 /* SceneDelegate.swift */,
				472229DE246BC13100E13C81 /* AppDelegate.swift */,
			);
			path = Startup;
			sourceTree = "<group>";
		};
		F445803B2490BE0400F1CAA6 /* Resources */ = {
			isa = PBXGroup;
			children = (
				472229E7246BC13400E13C81 /* Assets.xcassets */,
			);
			path = Resources;
			sourceTree = "<group>";
		};
		F445803C2490BE3E00F1CAA6 /* Views */ = {
			isa = PBXGroup;
			children = (
				F476E28524B4B81B0036858B /* Database */,
				F44580482490BFBF00F1CAA6 /* Main */,
				F44580472490BFAD00F1CAA6 /* Login */,
				F44580462490BFA200F1CAA6 /* Profile */,
				F44580452490BF8D00F1CAA6 /* Recommended */,
				F44580442490BF6D00F1CAA6 /* Recipe */,
				F44580432490BF5D00F1CAA6 /* ViewPost */,
				F44580422490BF5100F1CAA6 /* Categories */,
				F44580412490BF4500F1CAA6 /* Posts */,
				F44580402490BF1C00F1CAA6 /* Orders */,
				472229FF246BC13400E13C81 /* MakeFoodieUITests */,
				F445803F2490BF1100F1CAA6 /* OrderRequest */,
				F445803E2490BF0900F1CAA6 /* Messages */,
				F445803D2490BE5B00F1CAA6 /* Following */,
			);
			path = Views;
			sourceTree = "<group>";
		};
		F445803D2490BE5B00F1CAA6 /* Following */ = {
			isa = PBXGroup;
			children = (
				F44A4F572484D75500D25E49 /* Following.storyboard */,
				F40B9CA924B9824100B03A12 /* FollowingViewController.swift */,
				F40B9CAB24B9831600B03A12 /* Follow.swift */,
				F40B9CAD24B986EB00B03A12 /* FollowCell.swift */,
			);
			path = Following;
			sourceTree = "<group>";
		};
		F445803E2490BF0900F1CAA6 /* Messages */ = {
			isa = PBXGroup;
			children = (
				F44A4F592484D76500D25E49 /* Messages.storyboard */,
			);
			path = Messages;
			sourceTree = "<group>";
		};
		F445803F2490BF1100F1CAA6 /* OrderRequest */ = {
			isa = PBXGroup;
			children = (
				D42FB78C24BC4C2200F586C2 /* OrderReqViewController.swift */,
				F44A4F5D2484D7A400D25E49 /* OrderRequest.storyboard */,
			);
			path = OrderRequest;
			sourceTree = "<group>";
		};
		F44580402490BF1C00F1CAA6 /* Orders */ = {
			isa = PBXGroup;
			children = (
				F44A4F5B2484D77B00D25E49 /* Orders.storyboard */,
				D4E0721C24B57D3D0035F967 /* OrdersViewController.swift */,
			);
			path = Orders;
			sourceTree = "<group>";
		};
		F44580412490BF4500F1CAA6 /* Posts */ = {
			isa = PBXGroup;
			children = (
				653AAA682484F3B7008FAC14 /* Posts.storyboard */,
				7761BA2224B10540003CDDF3 /* PostCell.swift */,
				7761BA1624B0F35A003CDDF3 /* CreatePostViewController.swift */,
				7761BA2624B108FA003CDDF3 /* PostsTableViewController.swift */,
				775BF65824B4B9C100845E93 /* Post.swift */,
			);
			path = Posts;
			sourceTree = "<group>";
		};
		F44580422490BF5100F1CAA6 /* Categories */ = {
			isa = PBXGroup;
			children = (
				653AAA6C2484F46B008FAC14 /* Categories.storyboard */,
				775BF65A24B4BF5500845E93 /* CategoriesTableViewController.swift */,
				775BF65C24B4C00D00845E93 /* CategoryCell.swift */,
				775BF65E24B4C7DF00845E93 /* ViewCategoryCell.swift */,
				775BF66024B4C7F100845E93 /* ViewCategoryTableViewController.swift */,
			);
			path = Categories;
			sourceTree = "<group>";
		};
		F44580432490BF5D00F1CAA6 /* ViewPost */ = {
			isa = PBXGroup;
			children = (
				653AAA6A2484F412008FAC14 /* ViewPost.storyboard */,
				775BF66224B4C8F600845E93 /* ViewPostViewController.swift */,
				775BF66424B4C93000845E93 /* EditPostViewController.swift */,
			);
			path = ViewPost;
			sourceTree = "<group>";
		};
		F44580442490BF6D00F1CAA6 /* Recipe */ = {
			isa = PBXGroup;
			children = (
				7D00FE15248E26240018BD08 /* Recipe.storyboard */,
				D46E21DD24B56ADA00F752CF /* Recipe.swift */,
				D46E21E924B5858E00F752CF /* CreateRecipeViewController.swift */,
				7D8E836124B84C7700F560F2 /* RecipesTableViewController.swift */,
				7D8E836524B8500100F560F2 /* RecipeTableViewCell.swift */,
				7D34C5FC24B9C690008858C6 /* RecipeDetailViewController.swift */,
				7DC108BD24BA100E00C553AA /* EditRecipeViewController.swift */,
				D4A4AD8A24BE90F10011F00B /* addReviewViewController.swift */,
				7DF5EF5F24C68CB1001B5B5A /* RatingControl.swift */,
			);
			path = Recipe;
			sourceTree = "<group>";
		};
		F44580452490BF8D00F1CAA6 /* Recommended */ = {
			isa = PBXGroup;
			children = (
				F44A4F5F2484D7F200D25E49 /* Recommended.storyboard */,
				F445804D2490C0D000F1CAA6 /* Item.swift */,
				F445804B2490C0B200F1CAA6 /* RecommendedViewController.swift */,
				F44580492490C08800F1CAA6 /* ItemCell.swift */,
			);
			path = Recommended;
			sourceTree = "<group>";
		};
		F44580462490BFA200F1CAA6 /* Profile */ = {
			isa = PBXGroup;
			children = (
				F44A4F552484D74700D25E49 /* Profile.storyboard */,
				D4E0721A24B57CF50035F967 /* ProfileViewController.swift */,
				2583F3B824B8D230008AD820 /* EditProfileViewController.swift */,
			);
			path = Profile;
			sourceTree = "<group>";
		};
		F44580472490BFAD00F1CAA6 /* Login */ = {
			isa = PBXGroup;
			children = (
				D42FB78A24BC4BB200F586C2 /* ForgetpwViewController.swift */,
				F44A4F512484D6AE00D25E49 /* Login.storyboard */,
				D4A50F8F24AC3121009B0349 /* User.swift */,
				D4A50F9324AC33AE009B0349 /* LoginViewController.swift */,
				D4A50F9524AC3485009B0349 /* SignupViewController.swift */,
				25D10E8D24B705F1000F6DE5 /* DateTextField.swift */,
			);
			path = Login;
			sourceTree = "<group>";
		};
		F44580482490BFBF00F1CAA6 /* Main */ = {
			isa = PBXGroup;
			children = (
				472229E2246BC13100E13C81 /* ViewController.swift */,
				472229E4246BC13100E13C81 /* Main.storyboard */,
			);
			path = Main;
			sourceTree = "<group>";
		};
		F476E28524B4B81B0036858B /* Database */ = {
			isa = PBXGroup;
			children = (
				F476E29224B4B9250036858B /* DataManager */,
			);
			path = Database;
			sourceTree = "<group>";
		};
		F476E28624B4B8510036858B /* Frameworks */ = {
			isa = PBXGroup;
			children = (
				F476E28724B4B8510036858B /* libsqlite3.tbd */,
				8151CC4A9D32F30B842A8C6C /* Pods_MakeFoodie.framework */,
				2AB9FDAF0D3AFF49BABD7D32 /* Pods_MakeFoodie_MakeFoodieUITests.framework */,
				A0D9AB852046ADA495D49303 /* Pods_MakeFoodieTests.framework */,
			);
			name = Frameworks;
			sourceTree = "<group>";
		};
		F476E29224B4B9250036858B /* DataManager */ = {
			isa = PBXGroup;
			children = (
				F476E29324B4B9570036858B /* DataManager.swift */,
			);
			path = DataManager;
			sourceTree = "<group>";
		};
/* End PBXGroup section */

/* Begin PBXNativeTarget section */
		472229DA246BC13100E13C81 /* MakeFoodie */ = {
			isa = PBXNativeTarget;
			buildConfigurationList = 47222A05246BC13400E13C81 /* Build configuration list for PBXNativeTarget "MakeFoodie" */;
			buildPhases = (
				A83A04F429D255F06B9547DC /* [CP] Check Pods Manifest.lock */,
				472229D7246BC13100E13C81 /* Sources */,
				472229D8246BC13100E13C81 /* Frameworks */,
				472229D9246BC13100E13C81 /* Resources */,
				AD6E30ABCDCCB33091214385 /* [CP] Embed Pods Frameworks */,
				3D07C8CF4C9B1398D27D310E /* [CP] Copy Pods Resources */,
			);
			buildRules = (
			);
			dependencies = (
			);
			name = MakeFoodie;
			productName = MakeFoodie;
			productReference = 472229DB246BC13100E13C81 /* MakeFoodie.app */;
			productType = "com.apple.product-type.application";
		};
		472229F0246BC13400E13C81 /* MakeFoodieTests */ = {
			isa = PBXNativeTarget;
			buildConfigurationList = 47222A08246BC13400E13C81 /* Build configuration list for PBXNativeTarget "MakeFoodieTests" */;
			buildPhases = (
				F51780812C7BEFC5AC3450A1 /* [CP] Check Pods Manifest.lock */,
				472229ED246BC13400E13C81 /* Sources */,
				472229EE246BC13400E13C81 /* Frameworks */,
				472229EF246BC13400E13C81 /* Resources */,
			);
			buildRules = (
			);
			dependencies = (
				472229F3246BC13400E13C81 /* PBXTargetDependency */,
			);
			name = MakeFoodieTests;
			productName = MakeFoodieTests;
			productReference = 472229F1246BC13400E13C81 /* MakeFoodieTests.xctest */;
			productType = "com.apple.product-type.bundle.unit-test";
		};
		472229FB246BC13400E13C81 /* MakeFoodieUITests */ = {
			isa = PBXNativeTarget;
			buildConfigurationList = 47222A0B246BC13400E13C81 /* Build configuration list for PBXNativeTarget "MakeFoodieUITests" */;
			buildPhases = (
				6DA9FEEFDDEF548DDBB5D729 /* [CP] Check Pods Manifest.lock */,
				472229F8246BC13400E13C81 /* Sources */,
				472229F9246BC13400E13C81 /* Frameworks */,
				472229FA246BC13400E13C81 /* Resources */,
				AD5CE00928D019231E230E14 /* [CP] Embed Pods Frameworks */,
				935BA2C6F0B0B7A7A13E8E41 /* [CP] Copy Pods Resources */,
			);
			buildRules = (
			);
			dependencies = (
				472229FE246BC13400E13C81 /* PBXTargetDependency */,
			);
			name = MakeFoodieUITests;
			productName = MakeFoodieUITests;
			productReference = 472229FC246BC13400E13C81 /* MakeFoodieUITests.xctest */;
			productType = "com.apple.product-type.bundle.ui-testing";
		};
/* End PBXNativeTarget section */

/* Begin PBXProject section */
		472229D3246BC13100E13C81 /* Project object */ = {
			isa = PBXProject;
			attributes = {
				LastSwiftUpdateCheck = 1140;
				LastUpgradeCheck = 1140;
				ORGANIZATIONNAME = ITP312;
				TargetAttributes = {
					472229DA246BC13100E13C81 = {
						CreatedOnToolsVersion = 11.4.1;
						LastSwiftMigration = 1140;
					};
					472229F0246BC13400E13C81 = {
						CreatedOnToolsVersion = 11.4.1;
						TestTargetID = 472229DA246BC13100E13C81;
					};
					472229FB246BC13400E13C81 = {
						CreatedOnToolsVersion = 11.4.1;
						TestTargetID = 472229DA246BC13100E13C81;
					};
				};
			};
			buildConfigurationList = 472229D6246BC13100E13C81 /* Build configuration list for PBXProject "MakeFoodie" */;
			compatibilityVersion = "Xcode 9.3";
			developmentRegion = en;
			hasScannedForEncodings = 0;
			knownRegions = (
				en,
				Base,
			);
			mainGroup = 472229D2246BC13100E13C81;
			productRefGroup = 472229DC246BC13100E13C81 /* Products */;
			projectDirPath = "";
			projectRoot = "";
			targets = (
				472229DA246BC13100E13C81 /* MakeFoodie */,
				472229F0246BC13400E13C81 /* MakeFoodieTests */,
				472229FB246BC13400E13C81 /* MakeFoodieUITests */,
			);
		};
/* End PBXProject section */

/* Begin PBXResourcesBuildPhase section */
		472229D9246BC13100E13C81 /* Resources */ = {
			isa = PBXResourcesBuildPhase;
			buildActionMask = 2147483647;
			files = (
				653AAA692484F3B7008FAC14 /* Posts.storyboard in Resources */,
				F44A4F562484D74700D25E49 /* Profile.storyboard in Resources */,
				F45A3BBA24B61F1900178E08 /* GoogleService-Info.plist in Resources */,
				7D00FE16248E26240018BD08 /* Recipe.storyboard in Resources */,
				F44A4F522484D6AE00D25E49 /* Login.storyboard in Resources */,
				653AAA6B2484F412008FAC14 /* ViewPost.storyboard in Resources */,
				653AAA6D2484F46B008FAC14 /* Categories.storyboard in Resources */,
				F44A4F5A2484D76500D25E49 /* Messages.storyboard in Resources */,
				472229EB246BC13400E13C81 /* LaunchScreen.storyboard in Resources */,
				F44A4F5C2484D77B00D25E49 /* Orders.storyboard in Resources */,
				472229E8246BC13400E13C81 /* Assets.xcassets in Resources */,
				F44A4F582484D75500D25E49 /* Following.storyboard in Resources */,
				472229E6246BC13100E13C81 /* Main.storyboard in Resources */,
				F44A4F602484D7F200D25E49 /* Recommended.storyboard in Resources */,
				F44A4F5E2484D7A400D25E49 /* OrderRequest.storyboard in Resources */,
			);
			runOnlyForDeploymentPostprocessing = 0;
		};
		472229EF246BC13400E13C81 /* Resources */ = {
			isa = PBXResourcesBuildPhase;
			buildActionMask = 2147483647;
			files = (
			);
			runOnlyForDeploymentPostprocessing = 0;
		};
		472229FA246BC13400E13C81 /* Resources */ = {
			isa = PBXResourcesBuildPhase;
			buildActionMask = 2147483647;
			files = (
			);
			runOnlyForDeploymentPostprocessing = 0;
		};
/* End PBXResourcesBuildPhase section */

/* Begin PBXShellScriptBuildPhase section */
		3D07C8CF4C9B1398D27D310E /* [CP] Copy Pods Resources */ = {
			isa = PBXShellScriptBuildPhase;
			buildActionMask = 2147483647;
			files = (
			);
			inputFileListPaths = (
				"${PODS_ROOT}/Target Support Files/Pods-MakeFoodie/Pods-MakeFoodie-resources-${CONFIGURATION}-input-files.xcfilelist",
			);
			name = "[CP] Copy Pods Resources";
			outputFileListPaths = (
				"${PODS_ROOT}/Target Support Files/Pods-MakeFoodie/Pods-MakeFoodie-resources-${CONFIGURATION}-output-files.xcfilelist",
			);
			runOnlyForDeploymentPostprocessing = 0;
			shellPath = /bin/sh;
			shellScript = "\"${PODS_ROOT}/Target Support Files/Pods-MakeFoodie/Pods-MakeFoodie-resources.sh\"\n";
			showEnvVarsInLog = 0;
		};
		6DA9FEEFDDEF548DDBB5D729 /* [CP] Check Pods Manifest.lock */ = {
			isa = PBXShellScriptBuildPhase;
			buildActionMask = 2147483647;
			files = (
			);
			inputFileListPaths = (
			);
			inputPaths = (
				"${PODS_PODFILE_DIR_PATH}/Podfile.lock",
				"${PODS_ROOT}/Manifest.lock",
			);
			name = "[CP] Check Pods Manifest.lock";
			outputFileListPaths = (
			);
			outputPaths = (
				"$(DERIVED_FILE_DIR)/Pods-MakeFoodie-MakeFoodieUITests-checkManifestLockResult.txt",
			);
			runOnlyForDeploymentPostprocessing = 0;
			shellPath = /bin/sh;
			shellScript = "diff \"${PODS_PODFILE_DIR_PATH}/Podfile.lock\" \"${PODS_ROOT}/Manifest.lock\" > /dev/null\nif [ $? != 0 ] ; then\n    # print error to STDERR\n    echo \"error: The sandbox is not in sync with the Podfile.lock. Run 'pod install' or update your CocoaPods installation.\" >&2\n    exit 1\nfi\n# This output is used by Xcode 'outputs' to avoid re-running this script phase.\necho \"SUCCESS\" > \"${SCRIPT_OUTPUT_FILE_0}\"\n";
			showEnvVarsInLog = 0;
		};
		935BA2C6F0B0B7A7A13E8E41 /* [CP] Copy Pods Resources */ = {
			isa = PBXShellScriptBuildPhase;
			buildActionMask = 2147483647;
			files = (
			);
			inputFileListPaths = (
				"${PODS_ROOT}/Target Support Files/Pods-MakeFoodie-MakeFoodieUITests/Pods-MakeFoodie-MakeFoodieUITests-resources-${CONFIGURATION}-input-files.xcfilelist",
			);
			name = "[CP] Copy Pods Resources";
			outputFileListPaths = (
				"${PODS_ROOT}/Target Support Files/Pods-MakeFoodie-MakeFoodieUITests/Pods-MakeFoodie-MakeFoodieUITests-resources-${CONFIGURATION}-output-files.xcfilelist",
			);
			runOnlyForDeploymentPostprocessing = 0;
			shellPath = /bin/sh;
			shellScript = "\"${PODS_ROOT}/Target Support Files/Pods-MakeFoodie-MakeFoodieUITests/Pods-MakeFoodie-MakeFoodieUITests-resources.sh\"\n";
			showEnvVarsInLog = 0;
		};
		A83A04F429D255F06B9547DC /* [CP] Check Pods Manifest.lock */ = {
			isa = PBXShellScriptBuildPhase;
			buildActionMask = 2147483647;
			files = (
			);
			inputFileListPaths = (
			);
			inputPaths = (
				"${PODS_PODFILE_DIR_PATH}/Podfile.lock",
				"${PODS_ROOT}/Manifest.lock",
			);
			name = "[CP] Check Pods Manifest.lock";
			outputFileListPaths = (
			);
			outputPaths = (
				"$(DERIVED_FILE_DIR)/Pods-MakeFoodie-checkManifestLockResult.txt",
			);
			runOnlyForDeploymentPostprocessing = 0;
			shellPath = /bin/sh;
			shellScript = "diff \"${PODS_PODFILE_DIR_PATH}/Podfile.lock\" \"${PODS_ROOT}/Manifest.lock\" > /dev/null\nif [ $? != 0 ] ; then\n    # print error to STDERR\n    echo \"error: The sandbox is not in sync with the Podfile.lock. Run 'pod install' or update your CocoaPods installation.\" >&2\n    exit 1\nfi\n# This output is used by Xcode 'outputs' to avoid re-running this script phase.\necho \"SUCCESS\" > \"${SCRIPT_OUTPUT_FILE_0}\"\n";
			showEnvVarsInLog = 0;
		};
		AD5CE00928D019231E230E14 /* [CP] Embed Pods Frameworks */ = {
			isa = PBXShellScriptBuildPhase;
			buildActionMask = 2147483647;
			files = (
			);
			inputFileListPaths = (
				"${PODS_ROOT}/Target Support Files/Pods-MakeFoodie-MakeFoodieUITests/Pods-MakeFoodie-MakeFoodieUITests-frameworks-${CONFIGURATION}-input-files.xcfilelist",
			);
			name = "[CP] Embed Pods Frameworks";
			outputFileListPaths = (
				"${PODS_ROOT}/Target Support Files/Pods-MakeFoodie-MakeFoodieUITests/Pods-MakeFoodie-MakeFoodieUITests-frameworks-${CONFIGURATION}-output-files.xcfilelist",
			);
			runOnlyForDeploymentPostprocessing = 0;
			shellPath = /bin/sh;
			shellScript = "\"${PODS_ROOT}/Target Support Files/Pods-MakeFoodie-MakeFoodieUITests/Pods-MakeFoodie-MakeFoodieUITests-frameworks.sh\"\n";
			showEnvVarsInLog = 0;
		};
		AD6E30ABCDCCB33091214385 /* [CP] Embed Pods Frameworks */ = {
			isa = PBXShellScriptBuildPhase;
			buildActionMask = 2147483647;
			files = (
			);
			inputFileListPaths = (
				"${PODS_ROOT}/Target Support Files/Pods-MakeFoodie/Pods-MakeFoodie-frameworks-${CONFIGURATION}-input-files.xcfilelist",
			);
			name = "[CP] Embed Pods Frameworks";
			outputFileListPaths = (
				"${PODS_ROOT}/Target Support Files/Pods-MakeFoodie/Pods-MakeFoodie-frameworks-${CONFIGURATION}-output-files.xcfilelist",
			);
			runOnlyForDeploymentPostprocessing = 0;
			shellPath = /bin/sh;
			shellScript = "\"${PODS_ROOT}/Target Support Files/Pods-MakeFoodie/Pods-MakeFoodie-frameworks.sh\"\n";
			showEnvVarsInLog = 0;
		};
		F51780812C7BEFC5AC3450A1 /* [CP] Check Pods Manifest.lock */ = {
			isa = PBXShellScriptBuildPhase;
			buildActionMask = 2147483647;
			files = (
			);
			inputFileListPaths = (
			);
			inputPaths = (
				"${PODS_PODFILE_DIR_PATH}/Podfile.lock",
				"${PODS_ROOT}/Manifest.lock",
			);
			name = "[CP] Check Pods Manifest.lock";
			outputFileListPaths = (
			);
			outputPaths = (
				"$(DERIVED_FILE_DIR)/Pods-MakeFoodieTests-checkManifestLockResult.txt",
			);
			runOnlyForDeploymentPostprocessing = 0;
			shellPath = /bin/sh;
			shellScript = "diff \"${PODS_PODFILE_DIR_PATH}/Podfile.lock\" \"${PODS_ROOT}/Manifest.lock\" > /dev/null\nif [ $? != 0 ] ; then\n    # print error to STDERR\n    echo \"error: The sandbox is not in sync with the Podfile.lock. Run 'pod install' or update your CocoaPods installation.\" >&2\n    exit 1\nfi\n# This output is used by Xcode 'outputs' to avoid re-running this script phase.\necho \"SUCCESS\" > \"${SCRIPT_OUTPUT_FILE_0}\"\n";
			showEnvVarsInLog = 0;
		};
/* End PBXShellScriptBuildPhase section */

/* Begin PBXSourcesBuildPhase section */
		472229D7246BC13100E13C81 /* Sources */ = {
			isa = PBXSourcesBuildPhase;
			buildActionMask = 2147483647;
			files = (
				2583F3B924B8D230008AD820 /* EditProfileViewController.swift in Sources */,
				D46E21EA24B5858E00F752CF /* CreateRecipeViewController.swift in Sources */,
				D42FB78D24BC4C2200F586C2 /* OrderReqViewController.swift in Sources */,
				D4E0721D24B57D3D0035F967 /* OrdersViewController.swift in Sources */,
				7D34C5FD24B9C690008858C6 /* RecipeDetailViewController.swift in Sources */,
				7761BA1724B0F35A003CDDF3 /* CreatePostViewController.swift in Sources */,
				D4A50F9624AC3485009B0349 /* SignupViewController.swift in Sources */,
				F40B9CAE24B986EB00B03A12 /* FollowCell.swift in Sources */,
				7D8E836224B84C7700F560F2 /* RecipesTableViewController.swift in Sources */,
				7761BA2724B108FA003CDDF3 /* PostsTableViewController.swift in Sources */,
				F445804A2490C08800F1CAA6 /* ItemCell.swift in Sources */,
				7DF5EF6024C68CB1001B5B5A /* RatingControl.swift in Sources */,
				775BF65924B4B9C100845E93 /* Post.swift in Sources */,
				775BF66324B4C8F600845E93 /* ViewPostViewController.swift in Sources */,
				25D10E8E24B705F1000F6DE5 /* DateTextField.swift in Sources */,
				7DC108BE24BA100E00C553AA /* EditRecipeViewController.swift in Sources */,
				D4E0721B24B57CF50035F967 /* ProfileViewController.swift in Sources */,
				472229E3246BC13100E13C81 /* ViewController.swift in Sources */,
				D42FB78B24BC4BB200F586C2 /* ForgetpwViewController.swift in Sources */,
				F40B9CAA24B9824100B03A12 /* FollowingViewController.swift in Sources */,
				7D8E836624B8500100F560F2 /* RecipeTableViewCell.swift in Sources */,
				775BF66124B4C7F100845E93 /* ViewCategoryTableViewController.swift in Sources */,
				775BF66524B4C93000845E93 /* EditPostViewController.swift in Sources */,
				472229DF246BC13100E13C81 /* AppDelegate.swift in Sources */,
				F445804C2490C0B200F1CAA6 /* RecommendedViewController.swift in Sources */,
				D4A50F9424AC33AE009B0349 /* LoginViewController.swift in Sources */,
				F445804E2490C0D000F1CAA6 /* Item.swift in Sources */,
				D4A4AD8B24BE90F10011F00B /* addReviewViewController.swift in Sources */,
				D46E21DE24B56ADA00F752CF /* Recipe.swift in Sources */,
				775BF65F24B4C7DF00845E93 /* ViewCategoryCell.swift in Sources */,
				472229E1246BC13100E13C81 /* SceneDelegate.swift in Sources */,
				D4A50F9024AC3121009B0349 /* User.swift in Sources */,
				F476E29424B4B9570036858B /* DataManager.swift in Sources */,
				7761BA2324B10540003CDDF3 /* PostCell.swift in Sources */,
				775BF65B24B4BF5500845E93 /* CategoriesTableViewController.swift in Sources */,
				775BF65D24B4C00D00845E93 /* CategoryCell.swift in Sources */,
				F40B9CAC24B9831600B03A12 /* Follow.swift in Sources */,
			);
			runOnlyForDeploymentPostprocessing = 0;
		};
		472229ED246BC13400E13C81 /* Sources */ = {
			isa = PBXSourcesBuildPhase;
			buildActionMask = 2147483647;
			files = (
				472229F6246BC13400E13C81 /* MakeFoodieTests.swift in Sources */,
			);
			runOnlyForDeploymentPostprocessing = 0;
		};
		472229F8246BC13400E13C81 /* Sources */ = {
			isa = PBXSourcesBuildPhase;
			buildActionMask = 2147483647;
			files = (
				47222A01246BC13400E13C81 /* MakeFoodieUITests.swift in Sources */,
			);
			runOnlyForDeploymentPostprocessing = 0;
		};
/* End PBXSourcesBuildPhase section */

/* Begin PBXTargetDependency section */
		472229F3246BC13400E13C81 /* PBXTargetDependency */ = {
			isa = PBXTargetDependency;
			target = 472229DA246BC13100E13C81 /* MakeFoodie */;
			targetProxy = 472229F2246BC13400E13C81 /* PBXContainerItemProxy */;
		};
		472229FE246BC13400E13C81 /* PBXTargetDependency */ = {
			isa = PBXTargetDependency;
			target = 472229DA246BC13100E13C81 /* MakeFoodie */;
			targetProxy = 472229FD246BC13400E13C81 /* PBXContainerItemProxy */;
		};
/* End PBXTargetDependency section */

/* Begin PBXVariantGroup section */
		472229E4246BC13100E13C81 /* Main.storyboard */ = {
			isa = PBXVariantGroup;
			children = (
				472229E5246BC13100E13C81 /* Base */,
			);
			name = Main.storyboard;
			sourceTree = "<group>";
		};
		472229E9246BC13400E13C81 /* LaunchScreen.storyboard */ = {
			isa = PBXVariantGroup;
			children = (
				472229EA246BC13400E13C81 /* Base */,
			);
			name = LaunchScreen.storyboard;
			sourceTree = "<group>";
		};
/* End PBXVariantGroup section */

/* Begin XCBuildConfiguration section */
		47222A03246BC13400E13C81 /* Debug */ = {
			isa = XCBuildConfiguration;
			buildSettings = {
				ALWAYS_SEARCH_USER_PATHS = NO;
				CLANG_ANALYZER_NONNULL = YES;
				CLANG_ANALYZER_NUMBER_OBJECT_CONVERSION = YES_AGGRESSIVE;
				CLANG_CXX_LANGUAGE_STANDARD = "gnu++14";
				CLANG_CXX_LIBRARY = "libc++";
				CLANG_ENABLE_MODULES = YES;
				CLANG_ENABLE_OBJC_ARC = YES;
				CLANG_ENABLE_OBJC_WEAK = YES;
				CLANG_WARN_BLOCK_CAPTURE_AUTORELEASING = YES;
				CLANG_WARN_BOOL_CONVERSION = YES;
				CLANG_WARN_COMMA = YES;
				CLANG_WARN_CONSTANT_CONVERSION = YES;
				CLANG_WARN_DEPRECATED_OBJC_IMPLEMENTATIONS = YES;
				CLANG_WARN_DIRECT_OBJC_ISA_USAGE = YES_ERROR;
				CLANG_WARN_DOCUMENTATION_COMMENTS = YES;
				CLANG_WARN_EMPTY_BODY = YES;
				CLANG_WARN_ENUM_CONVERSION = YES;
				CLANG_WARN_INFINITE_RECURSION = YES;
				CLANG_WARN_INT_CONVERSION = YES;
				CLANG_WARN_NON_LITERAL_NULL_CONVERSION = YES;
				CLANG_WARN_OBJC_IMPLICIT_RETAIN_SELF = YES;
				CLANG_WARN_OBJC_LITERAL_CONVERSION = YES;
				CLANG_WARN_OBJC_ROOT_CLASS = YES_ERROR;
				CLANG_WARN_RANGE_LOOP_ANALYSIS = YES;
				CLANG_WARN_STRICT_PROTOTYPES = YES;
				CLANG_WARN_SUSPICIOUS_MOVE = YES;
				CLANG_WARN_UNGUARDED_AVAILABILITY = YES_AGGRESSIVE;
				CLANG_WARN_UNREACHABLE_CODE = YES;
				CLANG_WARN__DUPLICATE_METHOD_MATCH = YES;
				COPY_PHASE_STRIP = NO;
				DEBUG_INFORMATION_FORMAT = dwarf;
				ENABLE_STRICT_OBJC_MSGSEND = YES;
				ENABLE_TESTABILITY = YES;
				GCC_C_LANGUAGE_STANDARD = gnu11;
				GCC_DYNAMIC_NO_PIC = NO;
				GCC_NO_COMMON_BLOCKS = YES;
				GCC_OPTIMIZATION_LEVEL = 0;
				GCC_PREPROCESSOR_DEFINITIONS = (
					"DEBUG=1",
					"$(inherited)",
				);
				GCC_WARN_64_TO_32_BIT_CONVERSION = YES;
				GCC_WARN_ABOUT_RETURN_TYPE = YES_ERROR;
				GCC_WARN_UNDECLARED_SELECTOR = YES;
				GCC_WARN_UNINITIALIZED_AUTOS = YES_AGGRESSIVE;
				GCC_WARN_UNUSED_FUNCTION = YES;
				GCC_WARN_UNUSED_VARIABLE = YES;
				IPHONEOS_DEPLOYMENT_TARGET = 13.0;
				MTL_ENABLE_DEBUG_INFO = INCLUDE_SOURCE;
				MTL_FAST_MATH = YES;
				ONLY_ACTIVE_ARCH = YES;
				SDKROOT = iphoneos;
				SWIFT_ACTIVE_COMPILATION_CONDITIONS = DEBUG;
				SWIFT_OPTIMIZATION_LEVEL = "-Onone";
			};
			name = Debug;
		};
		47222A04246BC13400E13C81 /* Release */ = {
			isa = XCBuildConfiguration;
			buildSettings = {
				ALWAYS_SEARCH_USER_PATHS = NO;
				CLANG_ANALYZER_NONNULL = YES;
				CLANG_ANALYZER_NUMBER_OBJECT_CONVERSION = YES_AGGRESSIVE;
				CLANG_CXX_LANGUAGE_STANDARD = "gnu++14";
				CLANG_CXX_LIBRARY = "libc++";
				CLANG_ENABLE_MODULES = YES;
				CLANG_ENABLE_OBJC_ARC = YES;
				CLANG_ENABLE_OBJC_WEAK = YES;
				CLANG_WARN_BLOCK_CAPTURE_AUTORELEASING = YES;
				CLANG_WARN_BOOL_CONVERSION = YES;
				CLANG_WARN_COMMA = YES;
				CLANG_WARN_CONSTANT_CONVERSION = YES;
				CLANG_WARN_DEPRECATED_OBJC_IMPLEMENTATIONS = YES;
				CLANG_WARN_DIRECT_OBJC_ISA_USAGE = YES_ERROR;
				CLANG_WARN_DOCUMENTATION_COMMENTS = YES;
				CLANG_WARN_EMPTY_BODY = YES;
				CLANG_WARN_ENUM_CONVERSION = YES;
				CLANG_WARN_INFINITE_RECURSION = YES;
				CLANG_WARN_INT_CONVERSION = YES;
				CLANG_WARN_NON_LITERAL_NULL_CONVERSION = YES;
				CLANG_WARN_OBJC_IMPLICIT_RETAIN_SELF = YES;
				CLANG_WARN_OBJC_LITERAL_CONVERSION = YES;
				CLANG_WARN_OBJC_ROOT_CLASS = YES_ERROR;
				CLANG_WARN_RANGE_LOOP_ANALYSIS = YES;
				CLANG_WARN_STRICT_PROTOTYPES = YES;
				CLANG_WARN_SUSPICIOUS_MOVE = YES;
				CLANG_WARN_UNGUARDED_AVAILABILITY = YES_AGGRESSIVE;
				CLANG_WARN_UNREACHABLE_CODE = YES;
				CLANG_WARN__DUPLICATE_METHOD_MATCH = YES;
				COPY_PHASE_STRIP = NO;
				DEBUG_INFORMATION_FORMAT = "dwarf-with-dsym";
				ENABLE_NS_ASSERTIONS = NO;
				ENABLE_STRICT_OBJC_MSGSEND = YES;
				GCC_C_LANGUAGE_STANDARD = gnu11;
				GCC_NO_COMMON_BLOCKS = YES;
				GCC_WARN_64_TO_32_BIT_CONVERSION = YES;
				GCC_WARN_ABOUT_RETURN_TYPE = YES_ERROR;
				GCC_WARN_UNDECLARED_SELECTOR = YES;
				GCC_WARN_UNINITIALIZED_AUTOS = YES_AGGRESSIVE;
				GCC_WARN_UNUSED_FUNCTION = YES;
				GCC_WARN_UNUSED_VARIABLE = YES;
				IPHONEOS_DEPLOYMENT_TARGET = 13.0;
				MTL_ENABLE_DEBUG_INFO = NO;
				MTL_FAST_MATH = YES;
				SDKROOT = iphoneos;
				SWIFT_COMPILATION_MODE = wholemodule;
				SWIFT_OPTIMIZATION_LEVEL = "-O";
				VALIDATE_PRODUCT = YES;
			};
			name = Release;
		};
		47222A06246BC13400E13C81 /* Debug */ = {
			isa = XCBuildConfiguration;
			baseConfigurationReference = A3EF67D4F2CB8E5EA941FA70 /* Pods-MakeFoodie.debug.xcconfig */;
			buildSettings = {
				ASSETCATALOG_COMPILER_APPICON_NAME = AppIcon;
				CLANG_ENABLE_MODULES = YES;
				CODE_SIGN_IDENTITY = "Apple Development";
				CODE_SIGN_STYLE = Automatic;
				DEVELOPMENT_TEAM = "";
				INFOPLIST_FILE = "MakeFoodie/Supporting Files/Info.plist";
				LD_RUNPATH_SEARCH_PATHS = (
					"$(inherited)",
					"@executable_path/Frameworks",
				);
				PRODUCT_BUNDLE_IDENTIFIER = com.ITP312.MakeFoodie;
				PRODUCT_NAME = "$(TARGET_NAME)";
				PROVISIONING_PROFILE_SPECIFIER = "";
				SWIFT_OBJC_BRIDGING_HEADER = "";
				SWIFT_OPTIMIZATION_LEVEL = "-Onone";
				SWIFT_VERSION = 5.0;
				TARGETED_DEVICE_FAMILY = "1,2";
			};
			name = Debug;
		};
		47222A07246BC13400E13C81 /* Release */ = {
			isa = XCBuildConfiguration;
			baseConfigurationReference = 3FE8F8F411FBC29084B6451D /* Pods-MakeFoodie.release.xcconfig */;
			buildSettings = {
				ASSETCATALOG_COMPILER_APPICON_NAME = AppIcon;
				CLANG_ENABLE_MODULES = YES;
				CODE_SIGN_IDENTITY = "Apple Development";
				CODE_SIGN_STYLE = Automatic;
				DEVELOPMENT_TEAM = "";
				INFOPLIST_FILE = "MakeFoodie/Supporting Files/Info.plist";
				LD_RUNPATH_SEARCH_PATHS = (
					"$(inherited)",
					"@executable_path/Frameworks",
				);
				PRODUCT_BUNDLE_IDENTIFIER = com.ITP312.MakeFoodie;
				PRODUCT_NAME = "$(TARGET_NAME)";
				PROVISIONING_PROFILE_SPECIFIER = "";
				SWIFT_OBJC_BRIDGING_HEADER = "";
				SWIFT_VERSION = 5.0;
				TARGETED_DEVICE_FAMILY = "1,2";
			};
			name = Release;
		};
		47222A09246BC13400E13C81 /* Debug */ = {
			isa = XCBuildConfiguration;
			baseConfigurationReference = 814E339EB185CAB3AEF34260 /* Pods-MakeFoodieTests.debug.xcconfig */;
			buildSettings = {
				ALWAYS_EMBED_SWIFT_STANDARD_LIBRARIES = YES;
				BUNDLE_LOADER = "$(TEST_HOST)";
				CODE_SIGN_STYLE = Automatic;
				INFOPLIST_FILE = MakeFoodieTests/Info.plist;
				IPHONEOS_DEPLOYMENT_TARGET = 13.4;
				LD_RUNPATH_SEARCH_PATHS = (
					"$(inherited)",
					"@executable_path/Frameworks",
					"@loader_path/Frameworks",
				);
				PRODUCT_BUNDLE_IDENTIFIER = com.ITP312.MakeFoodieTests;
				PRODUCT_NAME = "$(TARGET_NAME)";
				SWIFT_VERSION = 5.0;
				TARGETED_DEVICE_FAMILY = "1,2";
				TEST_HOST = "$(BUILT_PRODUCTS_DIR)/MakeFoodie.app/MakeFoodie";
			};
			name = Debug;
		};
		47222A0A246BC13400E13C81 /* Release */ = {
			isa = XCBuildConfiguration;
			baseConfigurationReference = D8A80922B46711C821A3413A /* Pods-MakeFoodieTests.release.xcconfig */;
			buildSettings = {
				ALWAYS_EMBED_SWIFT_STANDARD_LIBRARIES = YES;
				BUNDLE_LOADER = "$(TEST_HOST)";
				CODE_SIGN_STYLE = Automatic;
				INFOPLIST_FILE = MakeFoodieTests/Info.plist;
				IPHONEOS_DEPLOYMENT_TARGET = 13.4;
				LD_RUNPATH_SEARCH_PATHS = (
					"$(inherited)",
					"@executable_path/Frameworks",
					"@loader_path/Frameworks",
				);
				PRODUCT_BUNDLE_IDENTIFIER = com.ITP312.MakeFoodieTests;
				PRODUCT_NAME = "$(TARGET_NAME)";
				SWIFT_VERSION = 5.0;
				TARGETED_DEVICE_FAMILY = "1,2";
				TEST_HOST = "$(BUILT_PRODUCTS_DIR)/MakeFoodie.app/MakeFoodie";
			};
			name = Release;
		};
		47222A0C246BC13400E13C81 /* Debug */ = {
			isa = XCBuildConfiguration;
			baseConfigurationReference = 83DB079EB02E24FF513E485F /* Pods-MakeFoodie-MakeFoodieUITests.debug.xcconfig */;
			buildSettings = {
				ALWAYS_EMBED_SWIFT_STANDARD_LIBRARIES = YES;
				CODE_SIGN_STYLE = Automatic;
				INFOPLIST_FILE = MakeFoodieUITests/Info.plist;
				LD_RUNPATH_SEARCH_PATHS = (
					"$(inherited)",
					"@executable_path/Frameworks",
					"@loader_path/Frameworks",
				);
				PRODUCT_BUNDLE_IDENTIFIER = com.ITP312.MakeFoodieUITests;
				PRODUCT_NAME = "$(TARGET_NAME)";
				SWIFT_VERSION = 5.0;
				TARGETED_DEVICE_FAMILY = "1,2";
				TEST_TARGET_NAME = MakeFoodie;
			};
			name = Debug;
		};
		47222A0D246BC13400E13C81 /* Release */ = {
			isa = XCBuildConfiguration;
			baseConfigurationReference = 51FAD748F0DFAFA5CC51C312 /* Pods-MakeFoodie-MakeFoodieUITests.release.xcconfig */;
			buildSettings = {
				ALWAYS_EMBED_SWIFT_STANDARD_LIBRARIES = YES;
				CODE_SIGN_STYLE = Automatic;
				INFOPLIST_FILE = MakeFoodieUITests/Info.plist;
				LD_RUNPATH_SEARCH_PATHS = (
					"$(inherited)",
					"@executable_path/Frameworks",
					"@loader_path/Frameworks",
				);
				PRODUCT_BUNDLE_IDENTIFIER = com.ITP312.MakeFoodieUITests;
				PRODUCT_NAME = "$(TARGET_NAME)";
				SWIFT_VERSION = 5.0;
				TARGETED_DEVICE_FAMILY = "1,2";
				TEST_TARGET_NAME = MakeFoodie;
			};
			name = Release;
		};
/* End XCBuildConfiguration section */

/* Begin XCConfigurationList section */
		472229D6246BC13100E13C81 /* Build configuration list for PBXProject "MakeFoodie" */ = {
			isa = XCConfigurationList;
			buildConfigurations = (
				47222A03246BC13400E13C81 /* Debug */,
				47222A04246BC13400E13C81 /* Release */,
			);
			defaultConfigurationIsVisible = 0;
			defaultConfigurationName = Release;
		};
		47222A05246BC13400E13C81 /* Build configuration list for PBXNativeTarget "MakeFoodie" */ = {
			isa = XCConfigurationList;
			buildConfigurations = (
				47222A06246BC13400E13C81 /* Debug */,
				47222A07246BC13400E13C81 /* Release */,
			);
			defaultConfigurationIsVisible = 0;
			defaultConfigurationName = Release;
		};
		47222A08246BC13400E13C81 /* Build configuration list for PBXNativeTarget "MakeFoodieTests" */ = {
			isa = XCConfigurationList;
			buildConfigurations = (
				47222A09246BC13400E13C81 /* Debug */,
				47222A0A246BC13400E13C81 /* Release */,
			);
			defaultConfigurationIsVisible = 0;
			defaultConfigurationName = Release;
		};
		47222A0B246BC13400E13C81 /* Build configuration list for PBXNativeTarget "MakeFoodieUITests" */ = {
			isa = XCConfigurationList;
			buildConfigurations = (
				47222A0C246BC13400E13C81 /* Debug */,
				47222A0D246BC13400E13C81 /* Release */,
			);
			defaultConfigurationIsVisible = 0;
			defaultConfigurationName = Release;
		};
/* End XCConfigurationList section */
	};
	rootObject = 472229D3246BC13100E13C81 /* Project object */;
}
